
Microsoft Visual Studio Solution File, Format Version 12.00
# Visual Studio Version 16
VisualStudioVersion = 16.0.30406.217
MinimumVisualStudioVersion = 10.0.40219.1
Project("{9A19103F-16F7-4668-BE54-9A1E7A4F7556}") = "GraphicsLibrary", "GraphicsLibrary\GraphicsLibrary.csproj", "{C3D5A031-EFED-4B46-AA8A-49A19629F382}"
EndProject
Project("{9A19103F-16F7-4668-BE54-9A1E7A4F7556}") = "CommonPrimitivesLibrary", "CommonPrimitivesLibrary\CommonPrimitivesLibrary.csproj", "{09273D92-C6AB-4254-8F9C-F329E00A079B}"
EndProject
Project("{9A19103F-16F7-4668-BE54-9A1E7A4F7556}") = "GameLibraryTester", "GameLibraryTester\GameLibraryTester.csproj", "{104C5126-6F69-452D-8312-F798D07D0EDB}"
EndProject
Project("{9A19103F-16F7-4668-BE54-9A1E7A4F7556}") = "ArtemisChroniclesOfTheReefGame", "ArtemisChroniclesOfTheReefGame\ArtemisChroniclesOfTheReefGame.csproj", "{0F5BA8C2-15C2-4EF4-82B4-ED28F64EA1DE}"
EndProject
Project("{9A19103F-16F7-4668-BE54-9A1E7A4F7556}") = "GameLibrary", "GameLibrary\GameLibrary.csproj", "{126E7348-0741-4552-B48D-00F97AD7EF40}"
EndProject
Project("{FAE04EC0-301F-11D3-BF4B-00C04F79EFBC}") = "NetLibrary", "NetLibrary\NetLibrary.csproj", "{879CD2E7-8B78-45D8-A3AA-A293488F3367}"
EndProject
Global
	GlobalSection(SolutionConfigurationPlatforms) = preSolution
		Debug|Any CPU = Debug|Any CPU
		Release|Any CPU = Release|Any CPU
	EndGlobalSection
	GlobalSection(ProjectConfigurationPlatforms) = postSolution
		{C3D5A031-EFED-4B46-AA8A-49A19629F382}.Debug|Any CPU.ActiveCfg = Debug|Any CPU
		{C3D5A031-EFED-4B46-AA8A-49A19629F382}.Debug|Any CPU.Build.0 = Debug|Any CPU
		{C3D5A031-EFED-4B46-AA8A-49A19629F382}.Release|Any CPU.ActiveCfg = Release|Any CPU
		{C3D5A031-EFED-4B46-AA8A-49A19629F382}.Release|Any CPU.Build.0 = Release|Any CPU
		{09273D92-C6AB-4254-8F9C-F329E00A079B}.Debug|Any CPU.ActiveCfg = Debug|Any CPU
		{09273D92-C6AB-4254-8F9C-F329E00A079B}.Debug|Any CPU.Build.0 = Debug|Any CPU
		{09273D92-C6AB-4254-8F9C-F329E00A079B}.Release|Any CPU.ActiveCfg = Release|Any CPU
		{09273D92-C6AB-4254-8F9C-F329E00A079B}.Release|Any CPU.Build.0 = Release|Any CPU
		{104C5126-6F69-452D-8312-F798D07D0EDB}.Debug|Any CPU.ActiveCfg = Debug|Any CPU
		{104C5126-6F69-452D-8312-F798D07D0EDB}.Debug|Any CPU.Build.0 = Debug|Any CPU
		{104C5126-6F69-452D-8312-F798D07D0EDB}.Release|Any CPU.ActiveCfg = Release|Any CPU
		{104C5126-6F69-452D-8312-F798D07D0EDB}.Release|Any CPU.Build.0 = Release|Any CPU
		{0F5BA8C2-15C2-4EF4-82B4-ED28F64EA1DE}.Debug|Any CPU.ActiveCfg = Debug|Any CPU
		{0F5BA8C2-15C2-4EF4-82B4-ED28F64EA1DE}.Debug|Any CPU.Build.0 = Debug|Any CPU
		{0F5BA8C2-15C2-4EF4-82B4-ED28F64EA1DE}.Release|Any CPU.ActiveCfg = Release|Any CPU
		{0F5BA8C2-15C2-4EF4-82B4-ED28F64EA1DE}.Release|Any CPU.Build.0 = Release|Any CPU
		{126E7348-0741-4552-B48D-00F97AD7EF40}.Debug|Any CPU.ActiveCfg = Debug|Any CPU
		{126E7348-0741-4552-B48D-00F97AD7EF40}.Debug|Any CPU.Build.0 = Debug|Any CPU
		{126E7348-0741-4552-B48D-00F97AD7EF40}.Release|Any CPU.ActiveCfg = Release|Any CPU
		{126E7348-0741-4552-B48D-00F97AD7EF40}.Release|Any CPU.Build.0 = Release|Any CPU
		{879CD2E7-8B78-45D8-A3AA-A293488F3367}.Debug|Any CPU.ActiveCfg = Debug|Any CPU
		{879CD2E7-8B78-45D8-A3AA-A293488F3367}.Debug|Any CPU.Build.0 = Debug|Any CPU
		{879CD2E7-8B78-45D8-A3AA-A293488F3367}.Release|Any CPU.ActiveCfg = Release|Any CPU
		{879CD2E7-8B78-45D8-A3AA-A293488F3367}.Release|Any CPU.Build.0 = Release|Any CPU
	EndGlobalSection
	GlobalSection(SolutionProperties) = preSolution
		HideSolutionNode = FALSE
	EndGlobalSection
	GlobalSection(ExtensibilityGlobals) = postSolution
		SolutionGuid = {86192455-0F9F-40A5-936A-0B7E95C1C489}
	EndGlobalSection
EndGlobal
